
Microsoft Visual Studio Solution File, Format Version 12.00
# Visual Studio Version 17
VisualStudioVersion = 17.13.35818.85
MinimumVisualStudioVersion = 10.0.40219.1
Project("{FAE04EC0-301F-11D3-BF4B-00C04F79EFBC}") = "Bff", "Bff\Bff.csproj", "{5BF987D0-8FCD-4276-8804-2C50AE1C96EF}"
EndProject
Project("{FAE04EC0-301F-11D3-BF4B-00C04F79EFBC}") = "Challenge.Orm", "Challenge.Orm\Challenge.Orm.csproj", "{0A3ABCF0-9801-436F-AF78-8CD660E1496C}"
EndProject
Project("{FAE04EC0-301F-11D3-BF4B-00C04F79EFBC}") = "Challenge.Domain", "Challenge.Domain\Challenge.Domain.csproj", "{000FB5D0-16F2-442E-9BC1-EAD61CBEB879}"
EndProject
Project("{2150E333-8FDC-42A3-9474-1A3956D46DE8}") = "Tests", "Tests", "{02EA681E-C7D8-13C7-8484-4AC65E1B71E8}"
EndProject
Project("{FAE04EC0-301F-11D3-BF4B-00C04F79EFBC}") = "Challenge.UnitTest", "Challenge.UnitTest\Challenge.UnitTest.csproj", "{3093F91F-1C14-4E46-A7D8-197F2347C620}"
EndProject
Project("{FAE04EC0-301F-11D3-BF4B-00C04F79EFBC}") = "Challenge.IntegrationTest", "Challenge.IntegrationTest\Challenge.IntegrationTest.csproj", "{6C4117ED-0C0D-4C8B-8340-E4C1617F5806}"
EndProject
Project("{FAE04EC0-301F-11D3-BF4B-00C04F79EFBC}") = "Challenge.Application", "Challenge.Application\Challenge.Application.csproj", "{5B7C9B80-B450-4D77-A1A5-372B43C78094}"
EndProject
Project("{E53339B2-1760-4266-BCC7-CA923CBCF16C}") = "docker-compose", "docker-compose.dcproj", "{81DDED9D-158B-E303-5F62-77A2896D2A5A}"
EndProject
Project("{FAE04EC0-301F-11D3-BF4B-00C04F79EFBC}") = "Challenge.Common", "Challenge.Common\Challenge.Common.csproj", "{4BD42C7E-5ADF-4530-B170-0E58AD7E497C}"
EndProject
Project("{2150E333-8FDC-42A3-9474-1A3956D46DE8}") = "Functions", "Functions", "{6865F140-BF53-4E7B-BFCA-87D343DB2EEA}"
EndProject
Project("{FAE04EC0-301F-11D3-BF4B-00C04F79EFBC}") = "ProductCounterAzFunction", "Functions\ProductCounterAzFunction\ProductCounterAzFunction.csproj", "{51EB1BBC-4AFB-4DCF-8294-E45C80797B9B}"
EndProject
Project("{FAE04EC0-301F-11D3-BF4B-00C04F79EFBC}") = "SendToFabric", "Functions\SendToFabric\SendToFabric.csproj", "{27B7BB7E-A156-498F-8718-B046BDE151EE}"
EndProject
Project("{2150E333-8FDC-42A3-9474-1A3956D46DE8}") = "Services", "Services", "{D3433A47-A30B-46FD-B07E-89C74E525657}"
EndProject
Project("{2150E333-8FDC-42A3-9474-1A3956D46DE8}") = "FabricService", "FabricService", "{350EACA9-54AE-4609-96A9-94B50B46C30F}"
EndProject
Project("{FAE04EC0-301F-11D3-BF4B-00C04F79EFBC}") = "FabricServices", "Services\FabricServices\FabricServices.csproj", "{7E3B06DE-245E-4824-BE26-BD185687EAA3}"
EndProject
Project("{FAE04EC0-301F-11D3-BF4B-00C04F79EFBC}") = "MS-Product-AddProduct-MongoDb", "Functions\ms\AddProduct\MS-Product-AddProduct-MongoDb.csproj", "{FEAEDF11-FB9C-4F0A-965B-7AE2AB19A957}"
EndProject
Project("{2150E333-8FDC-42A3-9474-1A3956D46DE8}") = "MicroServices", "MicroServices", "{A4A1615E-ABC0-4F5E-A1AA-A00051371CE7}"
EndProject
Project("{FAE04EC0-301F-11D3-BF4B-00C04F79EFBC}") = "MS-Product-AddProduct-Postgres", "Functions\ms\AddProduct-Postgres\MS-Product-AddProduct-Postgres.csproj", "{84995D4C-86FB-4F94-853F-5877D6D6B39F}"
EndProject
Global
	GlobalSection(SolutionConfigurationPlatforms) = preSolution
		Debug|Any CPU = Debug|Any CPU
		Release|Any CPU = Release|Any CPU
	EndGlobalSection
	GlobalSection(ProjectConfigurationPlatforms) = postSolution
		{5BF987D0-8FCD-4276-8804-2C50AE1C96EF}.Debug|Any CPU.ActiveCfg = Debug|Any CPU
		{5BF987D0-8FCD-4276-8804-2C50AE1C96EF}.Debug|Any CPU.Build.0 = Debug|Any CPU
		{5BF987D0-8FCD-4276-8804-2C50AE1C96EF}.Release|Any CPU.ActiveCfg = Release|Any CPU
		{5BF987D0-8FCD-4276-8804-2C50AE1C96EF}.Release|Any CPU.Build.0 = Release|Any CPU
		{0A3ABCF0-9801-436F-AF78-8CD660E1496C}.Debug|Any CPU.ActiveCfg = Debug|Any CPU
		{0A3ABCF0-9801-436F-AF78-8CD660E1496C}.Debug|Any CPU.Build.0 = Debug|Any CPU
		{0A3ABCF0-9801-436F-AF78-8CD660E1496C}.Release|Any CPU.ActiveCfg = Release|Any CPU
		{0A3ABCF0-9801-436F-AF78-8CD660E1496C}.Release|Any CPU.Build.0 = Release|Any CPU
		{000FB5D0-16F2-442E-9BC1-EAD61CBEB879}.Debug|Any CPU.ActiveCfg = Debug|Any CPU
		{000FB5D0-16F2-442E-9BC1-EAD61CBEB879}.Debug|Any CPU.Build.0 = Debug|Any CPU
		{000FB5D0-16F2-442E-9BC1-EAD61CBEB879}.Release|Any CPU.ActiveCfg = Release|Any CPU
		{000FB5D0-16F2-442E-9BC1-EAD61CBEB879}.Release|Any CPU.Build.0 = Release|Any CPU
		{3093F91F-1C14-4E46-A7D8-197F2347C620}.Debug|Any CPU.ActiveCfg = Debug|Any CPU
		{3093F91F-1C14-4E46-A7D8-197F2347C620}.Debug|Any CPU.Build.0 = Debug|Any CPU
		{3093F91F-1C14-4E46-A7D8-197F2347C620}.Release|Any CPU.ActiveCfg = Release|Any CPU
		{3093F91F-1C14-4E46-A7D8-197F2347C620}.Release|Any CPU.Build.0 = Release|Any CPU
		{6C4117ED-0C0D-4C8B-8340-E4C1617F5806}.Debug|Any CPU.ActiveCfg = Debug|Any CPU
		{6C4117ED-0C0D-4C8B-8340-E4C1617F5806}.Debug|Any CPU.Build.0 = Debug|Any CPU
		{6C4117ED-0C0D-4C8B-8340-E4C1617F5806}.Release|Any CPU.ActiveCfg = Release|Any CPU
		{6C4117ED-0C0D-4C8B-8340-E4C1617F5806}.Release|Any CPU.Build.0 = Release|Any CPU
		{5B7C9B80-B450-4D77-A1A5-372B43C78094}.Debug|Any CPU.ActiveCfg = Debug|Any CPU
		{5B7C9B80-B450-4D77-A1A5-372B43C78094}.Debug|Any CPU.Build.0 = Debug|Any CPU
		{5B7C9B80-B450-4D77-A1A5-372B43C78094}.Release|Any CPU.ActiveCfg = Release|Any CPU
		{5B7C9B80-B450-4D77-A1A5-372B43C78094}.Release|Any CPU.Build.0 = Release|Any CPU
		{81DDED9D-158B-E303-5F62-77A2896D2A5A}.Debug|Any CPU.ActiveCfg = Debug|Any CPU
		{81DDED9D-158B-E303-5F62-77A2896D2A5A}.Debug|Any CPU.Build.0 = Debug|Any CPU
		{81DDED9D-158B-E303-5F62-77A2896D2A5A}.Release|Any CPU.ActiveCfg = Release|Any CPU
		{81DDED9D-158B-E303-5F62-77A2896D2A5A}.Release|Any CPU.Build.0 = Release|Any CPU
		{4BD42C7E-5ADF-4530-B170-0E58AD7E497C}.Debug|Any CPU.ActiveCfg = Debug|Any CPU
		{4BD42C7E-5ADF-4530-B170-0E58AD7E497C}.Debug|Any CPU.Build.0 = Debug|Any CPU
		{4BD42C7E-5ADF-4530-B170-0E58AD7E497C}.Release|Any CPU.ActiveCfg = Release|Any CPU
		{4BD42C7E-5ADF-4530-B170-0E58AD7E497C}.Release|Any CPU.Build.0 = Release|Any CPU
		{51EB1BBC-4AFB-4DCF-8294-E45C80797B9B}.Debug|Any CPU.ActiveCfg = Debug|Any CPU
		{51EB1BBC-4AFB-4DCF-8294-E45C80797B9B}.Debug|Any CPU.Build.0 = Debug|Any CPU
		{51EB1BBC-4AFB-4DCF-8294-E45C80797B9B}.Release|Any CPU.ActiveCfg = Release|Any CPU
		{51EB1BBC-4AFB-4DCF-8294-E45C80797B9B}.Release|Any CPU.Build.0 = Release|Any CPU
		{27B7BB7E-A156-498F-8718-B046BDE151EE}.Debug|Any CPU.ActiveCfg = Debug|Any CPU
		{27B7BB7E-A156-498F-8718-B046BDE151EE}.Debug|Any CPU.Build.0 = Debug|Any CPU
		{27B7BB7E-A156-498F-8718-B046BDE151EE}.Release|Any CPU.ActiveCfg = Release|Any CPU
		{27B7BB7E-A156-498F-8718-B046BDE151EE}.Release|Any CPU.Build.0 = Release|Any CPU
		{7E3B06DE-245E-4824-BE26-BD185687EAA3}.Debug|Any CPU.ActiveCfg = Debug|Any CPU
		{7E3B06DE-245E-4824-BE26-BD185687EAA3}.Debug|Any CPU.Build.0 = Debug|Any CPU
		{7E3B06DE-245E-4824-BE26-BD185687EAA3}.Release|Any CPU.ActiveCfg = Release|Any CPU
		{7E3B06DE-245E-4824-BE26-BD185687EAA3}.Release|Any CPU.Build.0 = Release|Any CPU
		{FEAEDF11-FB9C-4F0A-965B-7AE2AB19A957}.Debug|Any CPU.ActiveCfg = Debug|Any CPU
		{FEAEDF11-FB9C-4F0A-965B-7AE2AB19A957}.Debug|Any CPU.Build.0 = Debug|Any CPU
		{FEAEDF11-FB9C-4F0A-965B-7AE2AB19A957}.Release|Any CPU.ActiveCfg = Release|Any CPU
		{FEAEDF11-FB9C-4F0A-965B-7AE2AB19A957}.Release|Any CPU.Build.0 = Release|Any CPU
		{84995D4C-86FB-4F94-853F-5877D6D6B39F}.Debug|Any CPU.ActiveCfg = Debug|Any CPU
		{84995D4C-86FB-4F94-853F-5877D6D6B39F}.Debug|Any CPU.Build.0 = Debug|Any CPU
		{84995D4C-86FB-4F94-853F-5877D6D6B39F}.Release|Any CPU.ActiveCfg = Release|Any CPU
		{84995D4C-86FB-4F94-853F-5877D6D6B39F}.Release|Any CPU.Build.0 = Release|Any CPU
	EndGlobalSection
	GlobalSection(SolutionProperties) = preSolution
		HideSolutionNode = FALSE
	EndGlobalSection
	GlobalSection(NestedProjects) = preSolution
		{3093F91F-1C14-4E46-A7D8-197F2347C620} = {02EA681E-C7D8-13C7-8484-4AC65E1B71E8}
		{6C4117ED-0C0D-4C8B-8340-E4C1617F5806} = {02EA681E-C7D8-13C7-8484-4AC65E1B71E8}
		{51EB1BBC-4AFB-4DCF-8294-E45C80797B9B} = {6865F140-BF53-4E7B-BFCA-87D343DB2EEA}
		{27B7BB7E-A156-498F-8718-B046BDE151EE} = {6865F140-BF53-4E7B-BFCA-87D343DB2EEA}
		{350EACA9-54AE-4609-96A9-94B50B46C30F} = {D3433A47-A30B-46FD-B07E-89C74E525657}
		{7E3B06DE-245E-4824-BE26-BD185687EAA3} = {350EACA9-54AE-4609-96A9-94B50B46C30F}
		{FEAEDF11-FB9C-4F0A-965B-7AE2AB19A957} = {A4A1615E-ABC0-4F5E-A1AA-A00051371CE7}
		{A4A1615E-ABC0-4F5E-A1AA-A00051371CE7} = {6865F140-BF53-4E7B-BFCA-87D343DB2EEA}
		{84995D4C-86FB-4F94-853F-5877D6D6B39F} = {A4A1615E-ABC0-4F5E-A1AA-A00051371CE7}
	EndGlobalSection
	GlobalSection(ExtensibilityGlobals) = postSolution
		SolutionGuid = {645CA44E-FE7C-49CD-8DB1-0E5AEE6FE824}
	EndGlobalSection
EndGlobal
